
Microsoft Visual Studio Solution File, Format Version 12.00
# Visual Studio Version 17
VisualStudioVersion = 17.2.32616.157
MinimumVisualStudioVersion = 10.0.40219.1
Project("{FAE04EC0-301F-11D3-BF4B-00C04F79EFBC}") = "MusicBox.CLI", "MusicBox.CLI\MusicBox.CLI.csproj", "{6B199402-E708-4A55-9F31-652010A8AFB8}"
EndProject
Project("{FAE04EC0-301F-11D3-BF4B-00C04F79EFBC}") = "MusicBox.Domain", "MusicBox.Domain\MusicBox.Domain.csproj", "{84212E00-8809-4892-A12B-7BB62BE362E2}"
EndProject
Project("{FAE04EC0-301F-11D3-BF4B-00C04F79EFBC}") = "MusicBox.Infrastructure", "MusicBox.Infrastructure\MusicBox.Infrastructure.csproj", "{A9128AF4-E470-45F7-A088-7A5E61D4B82A}"
EndProject
Project("{2150E333-8FDC-42A3-9474-1A3956D46DE8}") = "Tests", "Tests", "{A8808AAD-BD8B-4A64-9546-8399957200C2}"
EndProject
Project("{FAE04EC0-301F-11D3-BF4B-00C04F79EFBC}") = "MusicBox.Infrastructure.Tests", "Tests\MusicBox.Infrastructure.Tests\MusicBox.Infrastructure.Tests.csproj", "{83F7AC87-9513-4BAC-97A8-CCF20E55E70E}"
EndProject
Project("{FAE04EC0-301F-11D3-BF4B-00C04F79EFBC}") = "MusicBox.Domain.Tests", "Tests\MusicBox.Domain.Tests\MusicBox.Domain.Tests.csproj", "{3A56C6BB-673B-44A8-A06F-04B6409CBF4E}"
EndProject
Global
	GlobalSection(SolutionConfigurationPlatforms) = preSolution
		Debug|Any CPU = Debug|Any CPU
		Release|Any CPU = Release|Any CPU
	EndGlobalSection
	GlobalSection(ProjectConfigurationPlatforms) = postSolution
		{6B199402-E708-4A55-9F31-652010A8AFB8}.Debug|Any CPU.ActiveCfg = Debug|Any CPU
		{6B199402-E708-4A55-9F31-652010A8AFB8}.Debug|Any CPU.Build.0 = Debug|Any CPU
		{6B199402-E708-4A55-9F31-652010A8AFB8}.Release|Any CPU.ActiveCfg = Release|Any CPU
		{6B199402-E708-4A55-9F31-652010A8AFB8}.Release|Any CPU.Build.0 = Release|Any CPU
		{84212E00-8809-4892-A12B-7BB62BE362E2}.Debug|Any CPU.ActiveCfg = Debug|Any CPU
		{84212E00-8809-4892-A12B-7BB62BE362E2}.Debug|Any CPU.Build.0 = Debug|Any CPU
		{84212E00-8809-4892-A12B-7BB62BE362E2}.Release|Any CPU.ActiveCfg = Release|Any CPU
		{84212E00-8809-4892-A12B-7BB62BE362E2}.Release|Any CPU.Build.0 = Release|Any CPU
		{A9128AF4-E470-45F7-A088-7A5E61D4B82A}.Debug|Any CPU.ActiveCfg = Debug|Any CPU
		{A9128AF4-E470-45F7-A088-7A5E61D4B82A}.Debug|Any CPU.Build.0 = Debug|Any CPU
		{A9128AF4-E470-45F7-A088-7A5E61D4B82A}.Release|Any CPU.ActiveCfg = Release|Any CPU
		{A9128AF4-E470-45F7-A088-7A5E61D4B82A}.Release|Any CPU.Build.0 = Release|Any CPU
		{83F7AC87-9513-4BAC-97A8-CCF20E55E70E}.Debug|Any CPU.ActiveCfg = Debug|Any CPU
		{83F7AC87-9513-4BAC-97A8-CCF20E55E70E}.Debug|Any CPU.Build.0 = Debug|Any CPU
		{83F7AC87-9513-4BAC-97A8-CCF20E55E70E}.Release|Any CPU.ActiveCfg = Release|Any CPU
		{83F7AC87-9513-4BAC-97A8-CCF20E55E70E}.Release|Any CPU.Build.0 = Release|Any CPU
		{3A56C6BB-673B-44A8-A06F-04B6409CBF4E}.Debug|Any CPU.ActiveCfg = Debug|Any CPU
		{3A56C6BB-673B-44A8-A06F-04B6409CBF4E}.Debug|Any CPU.Build.0 = Debug|Any CPU
		{3A56C6BB-673B-44A8-A06F-04B6409CBF4E}.Release|Any CPU.ActiveCfg = Release|Any CPU
		{3A56C6BB-673B-44A8-A06F-04B6409CBF4E}.Release|Any CPU.Build.0 = Release|Any CPU
	EndGlobalSection
	GlobalSection(SolutionProperties) = preSolution
		HideSolutionNode = FALSE
	EndGlobalSection
	GlobalSection(NestedProjects) = preSolution
		{83F7AC87-9513-4BAC-97A8-CCF20E55E70E} = {A8808AAD-BD8B-4A64-9546-8399957200C2}
		{3A56C6BB-673B-44A8-A06F-04B6409CBF4E} = {A8808AAD-BD8B-4A64-9546-8399957200C2}
	EndGlobalSection
	GlobalSection(ExtensibilityGlobals) = postSolution
		SolutionGuid = {2934E32D-0094-4608-BE92-D372A1325EDE}
	EndGlobalSection
EndGlobal
